
Microsoft Visual Studio Solution File, Format Version 12.00
# Visual Studio Version 16
VisualStudioVersion = 16.0.31624.102
MinimumVisualStudioVersion = 10.0.40219.1
Project("{9A19103F-16F7-4668-BE54-9A1E7A4F7556}") = "ShopsRUs.API", "ShopsRUs.API\ShopsRUs.API.csproj", "{027B24D6-B5A9-49CA-9305-253F0C64963A}"
EndProject
Project("{9A19103F-16F7-4668-BE54-9A1E7A4F7556}") = "ShopsRUs.Domain", "ShopsRUs.Domain\ShopsRUs.Domain.csproj", "{137D76F9-E582-456B-89FD-1B6FEE5C19DB}"
EndProject
Project("{9A19103F-16F7-4668-BE54-9A1E7A4F7556}") = "ShopsRUs.Infrastructure", "ShopsRUs.Infrastructure\ShopsRUs.Infrastructure.csproj", "{BD9D3B5A-2F60-478B-AAF3-DBD09DDBD3F1}"
EndProject
Global
	GlobalSection(SolutionConfigurationPlatforms) = preSolution
		Debug|Any CPU = Debug|Any CPU
		Release|Any CPU = Release|Any CPU
	EndGlobalSection
	GlobalSection(ProjectConfigurationPlatforms) = postSolution
		{027B24D6-B5A9-49CA-9305-253F0C64963A}.Debug|Any CPU.ActiveCfg = Debug|Any CPU
		{027B24D6-B5A9-49CA-9305-253F0C64963A}.Debug|Any CPU.Build.0 = Debug|Any CPU
		{027B24D6-B5A9-49CA-9305-253F0C64963A}.Release|Any CPU.ActiveCfg = Release|Any CPU
		{027B24D6-B5A9-49CA-9305-253F0C64963A}.Release|Any CPU.Build.0 = Release|Any CPU
		{137D76F9-E582-456B-89FD-1B6FEE5C19DB}.Debug|Any CPU.ActiveCfg = Debug|Any CPU
		{137D76F9-E582-456B-89FD-1B6FEE5C19DB}.Debug|Any CPU.Build.0 = Debug|Any CPU
		{137D76F9-E582-456B-89FD-1B6FEE5C19DB}.Release|Any CPU.ActiveCfg = Release|Any CPU
		{137D76F9-E582-456B-89FD-1B6FEE5C19DB}.Release|Any CPU.Build.0 = Release|Any CPU
		{BD9D3B5A-2F60-478B-AAF3-DBD09DDBD3F1}.Debug|Any CPU.ActiveCfg = Debug|Any CPU
		{BD9D3B5A-2F60-478B-AAF3-DBD09DDBD3F1}.Debug|Any CPU.Build.0 = Debug|Any CPU
		{BD9D3B5A-2F60-478B-AAF3-DBD09DDBD3F1}.Release|Any CPU.ActiveCfg = Release|Any CPU
		{BD9D3B5A-2F60-478B-AAF3-DBD09DDBD3F1}.Release|Any CPU.Build.0 = Release|Any CPU
	EndGlobalSection
	GlobalSection(SolutionProperties) = preSolution
		HideSolutionNode = FALSE
	EndGlobalSection
	GlobalSection(ExtensibilityGlobals) = postSolution
		SolutionGuid = {21B785D9-8BCD-4890-AC87-1650CAE9E729}
	EndGlobalSection
EndGlobal
